// !$*UTF8*$!
{
	archiveVersion = 1;
	classes = {
	};
	objectVersion = 52;
	objects = {

/* Begin PBXBuildFile section */
		B49C82D0249130D30005C9C9 /* ZIPFoundation in Frameworks */ = {isa = PBXBuildFile; productRef = B49C82CF249130D30005C9C9 /* ZIPFoundation */; };
		B49C83A92491DAA50005C9C9 /* ViewController+export.swift in Sources */ = {isa = PBXBuildFile; fileRef = B49C83A82491DAA50005C9C9 /* ViewController+export.swift */; };
		B49C83AB2491DFC30005C9C9 /* temKeynote in Resources */ = {isa = PBXBuildFile; fileRef = B49C83AA2491DFC30005C9C9 /* temKeynote */; };
		B49C83AD2491DFD60005C9C9 /* simple.key in Resources */ = {isa = PBXBuildFile; fileRef = B49C83AC2491DFD60005C9C9 /* simple.key */; };
		B49C83D2249370BF0005C9C9 /* KNArchives_sos.pb.swift in Sources */ = {isa = PBXBuildFile; fileRef = B49C83B2249370BE0005C9C9 /* KNArchives_sos.pb.swift */; };
		B49C83D3249370BF0005C9C9 /* TSCHArchives_GEN.pb.swift in Sources */ = {isa = PBXBuildFile; fileRef = B49C83B3249370BE0005C9C9 /* TSCHArchives_GEN.pb.swift */; };
		B49C83D4249370BF0005C9C9 /* TSCHPreUFFArchives.pb.swift in Sources */ = {isa = PBXBuildFile; fileRef = B49C83B4249370BE0005C9C9 /* TSCHPreUFFArchives.pb.swift */; };
		B49C83D5249370BF0005C9C9 /* KNArchives.pb.swift in Sources */ = {isa = PBXBuildFile; fileRef = B49C83B5249370BE0005C9C9 /* KNArchives.pb.swift */; };
		B49C83D6249370BF0005C9C9 /* TSDCommandArchives.pb.swift in Sources */ = {isa = PBXBuildFile; fileRef = B49C83B6249370BE0005C9C9 /* TSDCommandArchives.pb.swift */; };
		B49C83D7249370BF0005C9C9 /* TSCH3DArchives.pb.swift in Sources */ = {isa = PBXBuildFile; fileRef = B49C83B7249370BE0005C9C9 /* TSCH3DArchives.pb.swift */; };
		B49C83D8249370BF0005C9C9 /* TSWPCommandArchives_sos.pb.swift in Sources */ = {isa = PBXBuildFile; fileRef = B49C83B8249370BE0005C9C9 /* TSWPCommandArchives_sos.pb.swift */; };
		B49C83D9249370BF0005C9C9 /* TSCEArchives.pb.swift in Sources */ = {isa = PBXBuildFile; fileRef = B49C83B9249370BE0005C9C9 /* TSCEArchives.pb.swift */; };
		B49C83DA249370BF0005C9C9 /* TSTStylePropertyArchiving.pb.swift in Sources */ = {isa = PBXBuildFile; fileRef = B49C83BA249370BE0005C9C9 /* TSTStylePropertyArchiving.pb.swift */; };
		B49C83DB249370BF0005C9C9 /* TSCHCommandArchives.pb.swift in Sources */ = {isa = PBXBuildFile; fileRef = B49C83BB249370BE0005C9C9 /* TSCHCommandArchives.pb.swift */; };
		B49C83DC249370BF0005C9C9 /* TSPArchiveMessages.pb.swift in Sources */ = {isa = PBXBuildFile; fileRef = B49C83BC249370BE0005C9C9 /* TSPArchiveMessages.pb.swift */; };
		B49C83DD249370BF0005C9C9 /* KNCommandArchives.pb.swift in Sources */ = {isa = PBXBuildFile; fileRef = B49C83BD249370BE0005C9C9 /* KNCommandArchives.pb.swift */; };
		B49C83DE249370BF0005C9C9 /* TSSArchives.pb.swift in Sources */ = {isa = PBXBuildFile; fileRef = B49C83BE249370BE0005C9C9 /* TSSArchives.pb.swift */; };
		B49C83DF249370BF0005C9C9 /* KNCommandArchives_sos.pb.swift in Sources */ = {isa = PBXBuildFile; fileRef = B49C83BF249370BE0005C9C9 /* KNCommandArchives_sos.pb.swift */; };
		B49C83E0249370BF0005C9C9 /* TSPMessages.pb.swift in Sources */ = {isa = PBXBuildFile; fileRef = B49C83C0249370BE0005C9C9 /* TSPMessages.pb.swift */; };
		B49C83E1249370BF0005C9C9 /* TSCHArchives_Common.pb.swift in Sources */ = {isa = PBXBuildFile; fileRef = B49C83C1249370BE0005C9C9 /* TSCHArchives_Common.pb.swift */; };
		B49C83E2249370BF0005C9C9 /* TSSArchives_sos.pb.swift in Sources */ = {isa = PBXBuildFile; fileRef = B49C83C2249370BE0005C9C9 /* TSSArchives_sos.pb.swift */; };
		B49C83E3249370BF0005C9C9 /* TSCHArchives_sos.pb.swift in Sources */ = {isa = PBXBuildFile; fileRef = B49C83C3249370BE0005C9C9 /* TSCHArchives_sos.pb.swift */; };
		B49C83E4249370BF0005C9C9 /* TSWPArchives_sos.pb.swift in Sources */ = {isa = PBXBuildFile; fileRef = B49C83C4249370BE0005C9C9 /* TSWPArchives_sos.pb.swift */; };
		B49C83E5249370BF0005C9C9 /* TSDArchives.pb.swift in Sources */ = {isa = PBXBuildFile; fileRef = B49C83C5249370BE0005C9C9 /* TSDArchives.pb.swift */; };
		B49C83E6249370BF0005C9C9 /* TSCHArchives.pb.swift in Sources */ = {isa = PBXBuildFile; fileRef = B49C83C6249370BE0005C9C9 /* TSCHArchives.pb.swift */; };
		B49C83E7249370BF0005C9C9 /* TSACommandArchives_sos.pb.swift in Sources */ = {isa = PBXBuildFile; fileRef = B49C83C7249370BE0005C9C9 /* TSACommandArchives_sos.pb.swift */; };
		B49C83E8249370BF0005C9C9 /* TSKArchives.pb.swift in Sources */ = {isa = PBXBuildFile; fileRef = B49C83C8249370BE0005C9C9 /* TSKArchives.pb.swift */; };
		B49C83E9249370BF0005C9C9 /* TSAArchives_sos.pb.swift in Sources */ = {isa = PBXBuildFile; fileRef = B49C83C9249370BE0005C9C9 /* TSAArchives_sos.pb.swift */; };
		B49C83EA249370BF0005C9C9 /* TSTArchives.pb.swift in Sources */ = {isa = PBXBuildFile; fileRef = B49C83CA249370BE0005C9C9 /* TSTArchives.pb.swift */; };
		B49C83EB249370BF0005C9C9 /* TSTCommandArchives.pb.swift in Sources */ = {isa = PBXBuildFile; fileRef = B49C83CB249370BE0005C9C9 /* TSTCommandArchives.pb.swift */; };
		B49C83EC249370BF0005C9C9 /* TSDArchives_sos.pb.swift in Sources */ = {isa = PBXBuildFile; fileRef = B49C83CC249370BE0005C9C9 /* TSDArchives_sos.pb.swift */; };
		B49C83ED249370BF0005C9C9 /* TSTArchives_sos.pb.swift in Sources */ = {isa = PBXBuildFile; fileRef = B49C83CD249370BE0005C9C9 /* TSTArchives_sos.pb.swift */; };
		B49C83EE249370BF0005C9C9 /* TSPDatabaseMessages.pb.swift in Sources */ = {isa = PBXBuildFile; fileRef = B49C83CE249370BE0005C9C9 /* TSPDatabaseMessages.pb.swift */; };
		B49C83EF249370BF0005C9C9 /* TSWPCommandArchives.pb.swift in Sources */ = {isa = PBXBuildFile; fileRef = B49C83CF249370BE0005C9C9 /* TSWPCommandArchives.pb.swift */; };
		B49C83F0249370BF0005C9C9 /* TSWPArchives.pb.swift in Sources */ = {isa = PBXBuildFile; fileRef = B49C83D0249370BE0005C9C9 /* TSWPArchives.pb.swift */; };
		B49C83F1249370BF0005C9C9 /* TSAArchives.pb.swift in Sources */ = {isa = PBXBuildFile; fileRef = B49C83D1249370BE0005C9C9 /* TSAArchives.pb.swift */; };
		B49C83F4249376D50005C9C9 /* SwiftProtobuf in Frameworks */ = {isa = PBXBuildFile; productRef = B49C83F3249376D50005C9C9 /* SwiftProtobuf */; };
		B49C83F6249376D50005C9C9 /* SwiftProtobufPluginLibrary in Frameworks */ = {isa = PBXBuildFile; productRef = B49C83F5249376D50005C9C9 /* SwiftProtobufPluginLibrary */; };
		B49C83F824937A790005C9C9 /* msg.pb.swift in Sources */ = {isa = PBXBuildFile; fileRef = B49C83F724937A790005C9C9 /* msg.pb.swift */; };
		B49C8464249660410005C9C9 /* ocFile.mm in Sources */ = {isa = PBXBuildFile; fileRef = B49C8463249660410005C9C9 /* ocFile.mm */; };
		B49C8482249664CB0005C9C9 /* libsnappy.a in Frameworks */ = {isa = PBXBuildFile; fileRef = B49C8481249664CB0005C9C9 /* libsnappy.a */; };
		B4C2C2BE2490C3AC00C3F8BF /* AppDelegate.swift in Sources */ = {isa = PBXBuildFile; fileRef = B4C2C2BD2490C3AC00C3F8BF /* AppDelegate.swift */; };
		B4C2C2C02490C3AC00C3F8BF /* SceneDelegate.swift in Sources */ = {isa = PBXBuildFile; fileRef = B4C2C2BF2490C3AC00C3F8BF /* SceneDelegate.swift */; };
		B4C2C2C22490C3AC00C3F8BF /* ViewController.swift in Sources */ = {isa = PBXBuildFile; fileRef = B4C2C2C12490C3AC00C3F8BF /* ViewController.swift */; };
		B4C2C2C52490C3AC00C3F8BF /* Main.storyboard in Resources */ = {isa = PBXBuildFile; fileRef = B4C2C2C32490C3AC00C3F8BF /* Main.storyboard */; };
		B4C2C2C82490C3AC00C3F8BF /* proUseSnappy.xcdatamodeld in Sources */ = {isa = PBXBuildFile; fileRef = B4C2C2C62490C3AC00C3F8BF /* proUseSnappy.xcdatamodeld */; };
		B4C2C2CA2490C3AD00C3F8BF /* Assets.xcassets in Resources */ = {isa = PBXBuildFile; fileRef = B4C2C2C92490C3AD00C3F8BF /* Assets.xcassets */; };
		B4C2C2CD2490C3AD00C3F8BF /* LaunchScreen.storyboard in Resources */ = {isa = PBXBuildFile; fileRef = B4C2C2CB2490C3AD00C3F8BF /* LaunchScreen.storyboard */; };
		B4CF0EE12497005C00026661 /* preview.jpg in Resources */ = {isa = PBXBuildFile; fileRef = B4CF0EB42497005C00026661 /* preview.jpg */; };
		B4CF0EE22497005C00026661 /* preview-web.jpg in Resources */ = {isa = PBXBuildFile; fileRef = B4CF0EB52497005C00026661 /* preview-web.jpg */; };
		B4CF0EE32497005C00026661 /* preview-micro.jpg in Resources */ = {isa = PBXBuildFile; fileRef = B4CF0EB62497005C00026661 /* preview-micro.jpg */; };
		B4CF0EE42497005C00026661 /* MasterSlide-9186.iwa in Resources */ = {isa = PBXBuildFile; fileRef = B4CF0EB82497005C00026661 /* MasterSlide-9186.iwa */; };
		B4CF0EE52497005C00026661 /* MasterSlide-9356.iwa in Resources */ = {isa = PBXBuildFile; fileRef = B4CF0EB92497005C00026661 /* MasterSlide-9356.iwa */; };
		B4CF0EE62497005C00026661 /* MasterSlide-9342.iwa in Resources */ = {isa = PBXBuildFile; fileRef = B4CF0EBA2497005C00026661 /* MasterSlide-9342.iwa */; };
		B4CF0EE72497005C00026661 /* Document.iwa in Resources */ = {isa = PBXBuildFile; fileRef = B4CF0EBB2497005C00026661 /* Document.iwa */; };
		B4CF0EE82497005C00026661 /* MasterSlide-9220.iwa in Resources */ = {isa = PBXBuildFile; fileRef = B4CF0EBC2497005C00026661 /* MasterSlide-9220.iwa */; };
		B4CF0EE92497005C00026661 /* MasterSlide-9234.iwa in Resources */ = {isa = PBXBuildFile; fileRef = B4CF0EBD2497005C00026661 /* MasterSlide-9234.iwa */; };
		B4CF0EEA2497005C00026661 /* CalculationEngine.iwa in Resources */ = {isa = PBXBuildFile; fileRef = B4CF0EBE2497005C00026661 /* CalculationEngine.iwa */; };
		B4CF0EEB2497005C00026661 /* DocumentStylesheet.iwa in Resources */ = {isa = PBXBuildFile; fileRef = B4CF0EBF2497005C00026661 /* DocumentStylesheet.iwa */; };
		B4CF0EEC2497005C00026661 /* MasterSlide-9292.iwa in Resources */ = {isa = PBXBuildFile; fileRef = B4CF0EC02497005C00026661 /* MasterSlide-9292.iwa */; };
		B4CF0EED2497005C00026661 /* Metadata.iwa in Resources */ = {isa = PBXBuildFile; fileRef = B4CF0EC12497005C00026661 /* Metadata.iwa */; };
		B4CF0EEE2497005C00026661 /* ViewState.iwa in Resources */ = {isa = PBXBuildFile; fileRef = B4CF0EC22497005C00026661 /* ViewState.iwa */; };
		B4CF0EEF2497005C00026661 /* MasterSlide-9323.iwa in Resources */ = {isa = PBXBuildFile; fileRef = B4CF0EC32497005C00026661 /* MasterSlide-9323.iwa */; };
		B4CF0EF02497005C00026661 /* DocumentMetadata.iwa in Resources */ = {isa = PBXBuildFile; fileRef = B4CF0EC42497005C00026661 /* DocumentMetadata.iwa */; };
		B4CF0EF12497005C00026661 /* MasterSlide-9305.iwa in Resources */ = {isa = PBXBuildFile; fileRef = B4CF0EC52497005C00026661 /* MasterSlide-9305.iwa */; };
		B4CF0EF22497005C00026661 /* MasterSlide-9248.iwa in Resources */ = {isa = PBXBuildFile; fileRef = B4CF0EC62497005C00026661 /* MasterSlide-9248.iwa */; };
		B4CF0EF32497005C00026661 /* MasterSlide-9276.iwa in Resources */ = {isa = PBXBuildFile; fileRef = B4CF0EC72497005C00026661 /* MasterSlide-9276.iwa */; };
		B4CF0EF42497005C00026661 /* MasterSlide-9263.iwa in Resources */ = {isa = PBXBuildFile; fileRef = B4CF0EC82497005C00026661 /* MasterSlide-9263.iwa */; };
		B4CF0EF52497005C00026661 /* Slide-9368.iwa in Resources */ = {isa = PBXBuildFile; fileRef = B4CF0EC92497005C00026661 /* Slide-9368.iwa */; };
		B4CF0EF62497005C00026661 /* MasterSlide-9206.iwa in Resources */ = {isa = PBXBuildFile; fileRef = B4CF0ECA2497005C00026661 /* MasterSlide-9206.iwa */; };
		B4CF0EF72497005C00026661 /* AnnotationAuthorStorage.iwa in Resources */ = {isa = PBXBuildFile; fileRef = B4CF0ECB2497005C00026661 /* AnnotationAuthorStorage.iwa */; };
		B4CF0EF82497005C00026661 /* mt-87EB810B-881F-4AFF-AB54-37EF2C67AD48-212.jpg in Resources */ = {isa = PBXBuildFile; fileRef = B4CF0ECD2497005C00026661 /* mt-87EB810B-881F-4AFF-AB54-37EF2C67AD48-212.jpg */; };
		B4CF0EF92497005C00026661 /* st-8B4A13BB-29F7-48A4-9D9C-F0C7B6E9264B-210.jpg in Resources */ = {isa = PBXBuildFile; fileRef = B4CF0ECE2497005C00026661 /* st-8B4A13BB-29F7-48A4-9D9C-F0C7B6E9264B-210.jpg */; };
		B4CF0EFA2497005C00026661 /* mt-1A607858-BDE3-4F3E-B991-9C537C7370FD-217.jpg in Resources */ = {isa = PBXBuildFile; fileRef = B4CF0ECF2497005C00026661 /* mt-1A607858-BDE3-4F3E-B991-9C537C7370FD-217.jpg */; };
		B4CF0EFB2497005C00026661 /* mt-2629B872-4982-4557-A305-7DAA791F1AE1-215.jpg in Resources */ = {isa = PBXBuildFile; fileRef = B4CF0ED02497005C00026661 /* mt-2629B872-4982-4557-A305-7DAA791F1AE1-215.jpg */; };
		B4CF0EFC2497005C00026661 /* mt-9960267B-0493-4007-85D1-341D7FE674B0-218.jpg in Resources */ = {isa = PBXBuildFile; fileRef = B4CF0ED12497005C00026661 /* mt-9960267B-0493-4007-85D1-341D7FE674B0-218.jpg */; };
		B4CF0EFD2497005C00026661 /* mt-7262D8AF-C593-455C-9320-DFCEE3F4FEC4-222.jpg in Resources */ = {isa = PBXBuildFile; fileRef = B4CF0ED22497005C00026661 /* mt-7262D8AF-C593-455C-9320-DFCEE3F4FEC4-222.jpg */; };
		B4CF0EFE2497005C00026661 /* mt-0A7093BE-A226-4DED-A38B-1B0B1753598B-211.jpg in Resources */ = {isa = PBXBuildFile; fileRef = B4CF0ED32497005C00026661 /* mt-0A7093BE-A226-4DED-A38B-1B0B1753598B-211.jpg */; };
		B4CF0EFF2497005C00026661 /* st-8B4A13BB-29F7-48A4-9D9C-F0C7B6E9264B-229.jpg in Resources */ = {isa = PBXBuildFile; fileRef = B4CF0ED42497005C00026661 /* st-8B4A13BB-29F7-48A4-9D9C-F0C7B6E9264B-229.jpg */; };
		B4CF0F002497005C00026661 /* mt-202EB1C3-2199-420F-90AA-9669069E4B8A-213.jpg in Resources */ = {isa = PBXBuildFile; fileRef = B4CF0ED52497005C00026661 /* mt-202EB1C3-2199-420F-90AA-9669069E4B8A-213.jpg */; };
		B4CF0F012497005C00026661 /* mt-91270CCF-9082-4FC4-84BA-1A40FE2A8037-221.jpg in Resources */ = {isa = PBXBuildFile; fileRef = B4CF0ED62497005C00026661 /* mt-91270CCF-9082-4FC4-84BA-1A40FE2A8037-221.jpg */; };
		B4CF0F022497005C00026661 /* 110809_familychineseoahu_en_00317_2040x1360-small-13.jpeg in Resources */ = {isa = PBXBuildFile; fileRef = B4CF0ED72497005C00026661 /* 110809_familychineseoahu_en_00317_2040x1360-small-13.jpeg */; };
		B4CF0F032497005C00026661 /* 110809_familychineseoahu_en_02016_981x654-small-11.jpeg in Resources */ = {isa = PBXBuildFile; fileRef = B4CF0ED82497005C00026661 /* 110809_familychineseoahu_en_02016_981x654-small-11.jpeg */; };
		B4CF0F042497005C00026661 /* mt-19B97099-D44C-4AC6-9D44-D8E1E2D15995-216.jpg in Resources */ = {isa = PBXBuildFile; fileRef = B4CF0ED92497005C00026661 /* mt-19B97099-D44C-4AC6-9D44-D8E1E2D15995-216.jpg */; };
		B4CF0F052497005C00026661 /* mt-AD4FEEF2-6BF5-4461-8477-5790BA46E3D0-214.jpg in Resources */ = {isa = PBXBuildFile; fileRef = B4CF0EDA2497005C00026661 /* mt-AD4FEEF2-6BF5-4461-8477-5790BA46E3D0-214.jpg */; };
		B4CF0F062497005C00026661 /* mt-E4BA883E-4D4B-47CE-8B54-F0C5BA78D9FA-223.jpg in Resources */ = {isa = PBXBuildFile; fileRef = B4CF0EDB2497005C00026661 /* mt-E4BA883E-4D4B-47CE-8B54-F0C5BA78D9FA-223.jpg */; };
		B4CF0F072497005C00026661 /* 110809_familychineseoahu_en_02390_2880x1921-small-9.jpeg in Resources */ = {isa = PBXBuildFile; fileRef = B4CF0EDC2497005C00026661 /* 110809_familychineseoahu_en_02390_2880x1921-small-9.jpeg */; };
		B4CF0F082497005C00026661 /* DocumentIdentifier in Resources */ = {isa = PBXBuildFile; fileRef = B4CF0EDE2497005C00026661 /* DocumentIdentifier */; };
		B4CF0F092497005C00026661 /* BuildVersionHistory.plist in Resources */ = {isa = PBXBuildFile; fileRef = B4CF0EDF2497005C00026661 /* BuildVersionHistory.plist */; };
		B4CF0F0A2497005C00026661 /* Properties.plist in Resources */ = {isa = PBXBuildFile; fileRef = B4CF0EE02497005C00026661 /* Properties.plist */; };
/* End PBXBuildFile section */

/* Begin PBXFileReference section */
		B49C83A82491DAA50005C9C9 /* ViewController+export.swift */ = {isa = PBXFileReference; lastKnownFileType = sourcecode.swift; path = "ViewController+export.swift"; sourceTree = "<group>"; };
		B49C83AA2491DFC30005C9C9 /* temKeynote */ = {isa = PBXFileReference; lastKnownFileType = folder; path = temKeynote; sourceTree = "<group>"; };
		B49C83AC2491DFD60005C9C9 /* simple.key */ = {isa = PBXFileReference; lastKnownFileType = file; name = simple.key; path = ZipFile/simple.key; sourceTree = "<group>"; };
		B49C83B2249370BE0005C9C9 /* KNArchives_sos.pb.swift */ = {isa = PBXFileReference; fileEncoding = 4; lastKnownFileType = sourcecode.swift; path = KNArchives_sos.pb.swift; sourceTree = "<group>"; };
		B49C83B3249370BE0005C9C9 /* TSCHArchives_GEN.pb.swift */ = {isa = PBXFileReference; fileEncoding = 4; lastKnownFileType = sourcecode.swift; path = TSCHArchives_GEN.pb.swift; sourceTree = "<group>"; };
		B49C83B4249370BE0005C9C9 /* TSCHPreUFFArchives.pb.swift */ = {isa = PBXFileReference; fileEncoding = 4; lastKnownFileType = sourcecode.swift; path = TSCHPreUFFArchives.pb.swift; sourceTree = "<group>"; };
		B49C83B5249370BE0005C9C9 /* KNArchives.pb.swift */ = {isa = PBXFileReference; fileEncoding = 4; lastKnownFileType = sourcecode.swift; path = KNArchives.pb.swift; sourceTree = "<group>"; };
		B49C83B6249370BE0005C9C9 /* TSDCommandArchives.pb.swift */ = {isa = PBXFileReference; fileEncoding = 4; lastKnownFileType = sourcecode.swift; path = TSDCommandArchives.pb.swift; sourceTree = "<group>"; };
		B49C83B7249370BE0005C9C9 /* TSCH3DArchives.pb.swift */ = {isa = PBXFileReference; fileEncoding = 4; lastKnownFileType = sourcecode.swift; path = TSCH3DArchives.pb.swift; sourceTree = "<group>"; };
		B49C83B8249370BE0005C9C9 /* TSWPCommandArchives_sos.pb.swift */ = {isa = PBXFileReference; fileEncoding = 4; lastKnownFileType = sourcecode.swift; path = TSWPCommandArchives_sos.pb.swift; sourceTree = "<group>"; };
		B49C83B9249370BE0005C9C9 /* TSCEArchives.pb.swift */ = {isa = PBXFileReference; fileEncoding = 4; lastKnownFileType = sourcecode.swift; path = TSCEArchives.pb.swift; sourceTree = "<group>"; };
		B49C83BA249370BE0005C9C9 /* TSTStylePropertyArchiving.pb.swift */ = {isa = PBXFileReference; fileEncoding = 4; lastKnownFileType = sourcecode.swift; path = TSTStylePropertyArchiving.pb.swift; sourceTree = "<group>"; };
		B49C83BB249370BE0005C9C9 /* TSCHCommandArchives.pb.swift */ = {isa = PBXFileReference; fileEncoding = 4; lastKnownFileType = sourcecode.swift; path = TSCHCommandArchives.pb.swift; sourceTree = "<group>"; };
		B49C83BC249370BE0005C9C9 /* TSPArchiveMessages.pb.swift */ = {isa = PBXFileReference; fileEncoding = 4; lastKnownFileType = sourcecode.swift; path = TSPArchiveMessages.pb.swift; sourceTree = "<group>"; };
		B49C83BD249370BE0005C9C9 /* KNCommandArchives.pb.swift */ = {isa = PBXFileReference; fileEncoding = 4; lastKnownFileType = sourcecode.swift; path = KNCommandArchives.pb.swift; sourceTree = "<group>"; };
		B49C83BE249370BE0005C9C9 /* TSSArchives.pb.swift */ = {isa = PBXFileReference; fileEncoding = 4; lastKnownFileType = sourcecode.swift; path = TSSArchives.pb.swift; sourceTree = "<group>"; };
		B49C83BF249370BE0005C9C9 /* KNCommandArchives_sos.pb.swift */ = {isa = PBXFileReference; fileEncoding = 4; lastKnownFileType = sourcecode.swift; path = KNCommandArchives_sos.pb.swift; sourceTree = "<group>"; };
		B49C83C0249370BE0005C9C9 /* TSPMessages.pb.swift */ = {isa = PBXFileReference; fileEncoding = 4; lastKnownFileType = sourcecode.swift; path = TSPMessages.pb.swift; sourceTree = "<group>"; };
		B49C83C1249370BE0005C9C9 /* TSCHArchives_Common.pb.swift */ = {isa = PBXFileReference; fileEncoding = 4; lastKnownFileType = sourcecode.swift; path = TSCHArchives_Common.pb.swift; sourceTree = "<group>"; };
		B49C83C2249370BE0005C9C9 /* TSSArchives_sos.pb.swift */ = {isa = PBXFileReference; fileEncoding = 4; lastKnownFileType = sourcecode.swift; path = TSSArchives_sos.pb.swift; sourceTree = "<group>"; };
		B49C83C3249370BE0005C9C9 /* TSCHArchives_sos.pb.swift */ = {isa = PBXFileReference; fileEncoding = 4; lastKnownFileType = sourcecode.swift; path = TSCHArchives_sos.pb.swift; sourceTree = "<group>"; };
		B49C83C4249370BE0005C9C9 /* TSWPArchives_sos.pb.swift */ = {isa = PBXFileReference; fileEncoding = 4; lastKnownFileType = sourcecode.swift; path = TSWPArchives_sos.pb.swift; sourceTree = "<group>"; };
		B49C83C5249370BE0005C9C9 /* TSDArchives.pb.swift */ = {isa = PBXFileReference; fileEncoding = 4; lastKnownFileType = sourcecode.swift; path = TSDArchives.pb.swift; sourceTree = "<group>"; };
		B49C83C6249370BE0005C9C9 /* TSCHArchives.pb.swift */ = {isa = PBXFileReference; fileEncoding = 4; lastKnownFileType = sourcecode.swift; path = TSCHArchives.pb.swift; sourceTree = "<group>"; };
		B49C83C7249370BE0005C9C9 /* TSACommandArchives_sos.pb.swift */ = {isa = PBXFileReference; fileEncoding = 4; lastKnownFileType = sourcecode.swift; path = TSACommandArchives_sos.pb.swift; sourceTree = "<group>"; };
		B49C83C8249370BE0005C9C9 /* TSKArchives.pb.swift */ = {isa = PBXFileReference; fileEncoding = 4; lastKnownFileType = sourcecode.swift; path = TSKArchives.pb.swift; sourceTree = "<group>"; };
		B49C83C9249370BE0005C9C9 /* TSAArchives_sos.pb.swift */ = {isa = PBXFileReference; fileEncoding = 4; lastKnownFileType = sourcecode.swift; path = TSAArchives_sos.pb.swift; sourceTree = "<group>"; };
		B49C83CA249370BE0005C9C9 /* TSTArchives.pb.swift */ = {isa = PBXFileReference; fileEncoding = 4; lastKnownFileType = sourcecode.swift; path = TSTArchives.pb.swift; sourceTree = "<group>"; };
		B49C83CB249370BE0005C9C9 /* TSTCommandArchives.pb.swift */ = {isa = PBXFileReference; fileEncoding = 4; lastKnownFileType = sourcecode.swift; path = TSTCommandArchives.pb.swift; sourceTree = "<group>"; };
		B49C83CC249370BE0005C9C9 /* TSDArchives_sos.pb.swift */ = {isa = PBXFileReference; fileEncoding = 4; lastKnownFileType = sourcecode.swift; path = TSDArchives_sos.pb.swift; sourceTree = "<group>"; };
		B49C83CD249370BE0005C9C9 /* TSTArchives_sos.pb.swift */ = {isa = PBXFileReference; fileEncoding = 4; lastKnownFileType = sourcecode.swift; path = TSTArchives_sos.pb.swift; sourceTree = "<group>"; };
		B49C83CE249370BE0005C9C9 /* TSPDatabaseMessages.pb.swift */ = {isa = PBXFileReference; fileEncoding = 4; lastKnownFileType = sourcecode.swift; path = TSPDatabaseMessages.pb.swift; sourceTree = "<group>"; };
		B49C83CF249370BE0005C9C9 /* TSWPCommandArchives.pb.swift */ = {isa = PBXFileReference; fileEncoding = 4; lastKnownFileType = sourcecode.swift; path = TSWPCommandArchives.pb.swift; sourceTree = "<group>"; };
		B49C83D0249370BE0005C9C9 /* TSWPArchives.pb.swift */ = {isa = PBXFileReference; fileEncoding = 4; lastKnownFileType = sourcecode.swift; path = TSWPArchives.pb.swift; sourceTree = "<group>"; };
		B49C83D1249370BE0005C9C9 /* TSAArchives.pb.swift */ = {isa = PBXFileReference; fileEncoding = 4; lastKnownFileType = sourcecode.swift; path = TSAArchives.pb.swift; sourceTree = "<group>"; };
		B49C83F724937A790005C9C9 /* msg.pb.swift */ = {isa = PBXFileReference; fileEncoding = 4; lastKnownFileType = sourcecode.swift; path = msg.pb.swift; sourceTree = "<group>"; };
		B49C8463249660410005C9C9 /* ocFile.mm */ = {isa = PBXFileReference; lastKnownFileType = sourcecode.cpp.objcpp; path = ocFile.mm; sourceTree = "<group>"; };
		B49C847D249661540005C9C9 /* ocFile.h */ = {isa = PBXFileReference; fileEncoding = 4; lastKnownFileType = sourcecode.c.h; path = ocFile.h; sourceTree = "<group>"; };
		B49C8481249664CB0005C9C9 /* libsnappy.a */ = {isa = PBXFileReference; lastKnownFileType = archive.ar; path = libsnappy.a; sourceTree = "<group>"; };
		B4C2C2BA2490C3AC00C3F8BF /* proUseSnappy.app */ = {isa = PBXFileReference; explicitFileType = wrapper.application; includeInIndex = 0; path = proUseSnappy.app; sourceTree = BUILT_PRODUCTS_DIR; };
		B4C2C2BD2490C3AC00C3F8BF /* AppDelegate.swift */ = {isa = PBXFileReference; lastKnownFileType = sourcecode.swift; path = AppDelegate.swift; sourceTree = "<group>"; };
		B4C2C2BF2490C3AC00C3F8BF /* SceneDelegate.swift */ = {isa = PBXFileReference; lastKnownFileType = sourcecode.swift; path = SceneDelegate.swift; sourceTree = "<group>"; };
		B4C2C2C12490C3AC00C3F8BF /* ViewController.swift */ = {isa = PBXFileReference; lastKnownFileType = sourcecode.swift; path = ViewController.swift; sourceTree = "<group>"; };
		B4C2C2C42490C3AC00C3F8BF /* Base */ = {isa = PBXFileReference; lastKnownFileType = file.storyboard; name = Base; path = Base.lproj/Main.storyboard; sourceTree = "<group>"; };
		B4C2C2C72490C3AC00C3F8BF /* proUseSnappy.xcdatamodel */ = {isa = PBXFileReference; lastKnownFileType = wrapper.xcdatamodel; path = proUseSnappy.xcdatamodel; sourceTree = "<group>"; };
		B4C2C2C92490C3AD00C3F8BF /* Assets.xcassets */ = {isa = PBXFileReference; lastKnownFileType = folder.assetcatalog; path = Assets.xcassets; sourceTree = "<group>"; };
		B4C2C2CC2490C3AD00C3F8BF /* Base */ = {isa = PBXFileReference; lastKnownFileType = file.storyboard; name = Base; path = Base.lproj/LaunchScreen.storyboard; sourceTree = "<group>"; };
		B4C2C2CE2490C3AD00C3F8BF /* Info.plist */ = {isa = PBXFileReference; lastKnownFileType = text.plist.xml; path = Info.plist; sourceTree = "<group>"; };
		B4CF0EB42497005C00026661 /* preview.jpg */ = {isa = PBXFileReference; lastKnownFileType = image.jpeg; path = preview.jpg; sourceTree = "<group>"; };
		B4CF0EB52497005C00026661 /* preview-web.jpg */ = {isa = PBXFileReference; lastKnownFileType = image.jpeg; path = "preview-web.jpg"; sourceTree = "<group>"; };
		B4CF0EB62497005C00026661 /* preview-micro.jpg */ = {isa = PBXFileReference; lastKnownFileType = image.jpeg; path = "preview-micro.jpg"; sourceTree = "<group>"; };
		B4CF0EB82497005C00026661 /* MasterSlide-9186.iwa */ = {isa = PBXFileReference; lastKnownFileType = file; path = "MasterSlide-9186.iwa"; sourceTree = "<group>"; };
		B4CF0EB92497005C00026661 /* MasterSlide-9356.iwa */ = {isa = PBXFileReference; lastKnownFileType = file; path = "MasterSlide-9356.iwa"; sourceTree = "<group>"; };
		B4CF0EBA2497005C00026661 /* MasterSlide-9342.iwa */ = {isa = PBXFileReference; lastKnownFileType = file; path = "MasterSlide-9342.iwa"; sourceTree = "<group>"; };
		B4CF0EBB2497005C00026661 /* Document.iwa */ = {isa = PBXFileReference; lastKnownFileType = file; path = Document.iwa; sourceTree = "<group>"; };
		B4CF0EBC2497005C00026661 /* MasterSlide-9220.iwa */ = {isa = PBXFileReference; lastKnownFileType = file; path = "MasterSlide-9220.iwa"; sourceTree = "<group>"; };
		B4CF0EBD2497005C00026661 /* MasterSlide-9234.iwa */ = {isa = PBXFileReference; lastKnownFileType = file; path = "MasterSlide-9234.iwa"; sourceTree = "<group>"; };
		B4CF0EBE2497005C00026661 /* CalculationEngine.iwa */ = {isa = PBXFileReference; lastKnownFileType = file; path = CalculationEngine.iwa; sourceTree = "<group>"; };
		B4CF0EBF2497005C00026661 /* DocumentStylesheet.iwa */ = {isa = PBXFileReference; lastKnownFileType = file; path = DocumentStylesheet.iwa; sourceTree = "<group>"; };
		B4CF0EC02497005C00026661 /* MasterSlide-9292.iwa */ = {isa = PBXFileReference; lastKnownFileType = file; path = "MasterSlide-9292.iwa"; sourceTree = "<group>"; };
		B4CF0EC12497005C00026661 /* Metadata.iwa */ = {isa = PBXFileReference; lastKnownFileType = file; path = Metadata.iwa; sourceTree = "<group>"; };
		B4CF0EC22497005C00026661 /* ViewState.iwa */ = {isa = PBXFileReference; lastKnownFileType = file; path = ViewState.iwa; sourceTree = "<group>"; };
		B4CF0EC32497005C00026661 /* MasterSlide-9323.iwa */ = {isa = PBXFileReference; lastKnownFileType = file; path = "MasterSlide-9323.iwa"; sourceTree = "<group>"; };
		B4CF0EC42497005C00026661 /* DocumentMetadata.iwa */ = {isa = PBXFileReference; lastKnownFileType = file; path = DocumentMetadata.iwa; sourceTree = "<group>"; };
		B4CF0EC52497005C00026661 /* MasterSlide-9305.iwa */ = {isa = PBXFileReference; lastKnownFileType = file; path = "MasterSlide-9305.iwa"; sourceTree = "<group>"; };
		B4CF0EC62497005C00026661 /* MasterSlide-9248.iwa */ = {isa = PBXFileReference; lastKnownFileType = file; path = "MasterSlide-9248.iwa"; sourceTree = "<group>"; };
		B4CF0EC72497005C00026661 /* MasterSlide-9276.iwa */ = {isa = PBXFileReference; lastKnownFileType = file; path = "MasterSlide-9276.iwa"; sourceTree = "<group>"; };
		B4CF0EC82497005C00026661 /* MasterSlide-9263.iwa */ = {isa = PBXFileReference; lastKnownFileType = file; path = "MasterSlide-9263.iwa"; sourceTree = "<group>"; };
		B4CF0EC92497005C00026661 /* Slide-9368.iwa */ = {isa = PBXFileReference; lastKnownFileType = file; path = "Slide-9368.iwa"; sourceTree = "<group>"; };
		B4CF0ECA2497005C00026661 /* MasterSlide-9206.iwa */ = {isa = PBXFileReference; lastKnownFileType = file; path = "MasterSlide-9206.iwa"; sourceTree = "<group>"; };
		B4CF0ECB2497005C00026661 /* AnnotationAuthorStorage.iwa */ = {isa = PBXFileReference; lastKnownFileType = file; path = AnnotationAuthorStorage.iwa; sourceTree = "<group>"; };
		B4CF0ECD2497005C00026661 /* mt-87EB810B-881F-4AFF-AB54-37EF2C67AD48-212.jpg */ = {isa = PBXFileReference; lastKnownFileType = image.jpeg; path = "mt-87EB810B-881F-4AFF-AB54-37EF2C67AD48-212.jpg"; sourceTree = "<group>"; };
		B4CF0ECE2497005C00026661 /* st-8B4A13BB-29F7-48A4-9D9C-F0C7B6E9264B-210.jpg */ = {isa = PBXFileReference; lastKnownFileType = image.jpeg; path = "st-8B4A13BB-29F7-48A4-9D9C-F0C7B6E9264B-210.jpg"; sourceTree = "<group>"; };
		B4CF0ECF2497005C00026661 /* mt-1A607858-BDE3-4F3E-B991-9C537C7370FD-217.jpg */ = {isa = PBXFileReference; lastKnownFileType = image.jpeg; path = "mt-1A607858-BDE3-4F3E-B991-9C537C7370FD-217.jpg"; sourceTree = "<group>"; };
		B4CF0ED02497005C00026661 /* mt-2629B872-4982-4557-A305-7DAA791F1AE1-215.jpg */ = {isa = PBXFileReference; lastKnownFileType = image.jpeg; path = "mt-2629B872-4982-4557-A305-7DAA791F1AE1-215.jpg"; sourceTree = "<group>"; };
		B4CF0ED12497005C00026661 /* mt-9960267B-0493-4007-85D1-341D7FE674B0-218.jpg */ = {isa = PBXFileReference; lastKnownFileType = image.jpeg; path = "mt-9960267B-0493-4007-85D1-341D7FE674B0-218.jpg"; sourceTree = "<group>"; };
		B4CF0ED22497005C00026661 /* mt-7262D8AF-C593-455C-9320-DFCEE3F4FEC4-222.jpg */ = {isa = PBXFileReference; lastKnownFileType = image.jpeg; path = "mt-7262D8AF-C593-455C-9320-DFCEE3F4FEC4-222.jpg"; sourceTree = "<group>"; };
		B4CF0ED32497005C00026661 /* mt-0A7093BE-A226-4DED-A38B-1B0B1753598B-211.jpg */ = {isa = PBXFileReference; lastKnownFileType = image.jpeg; path = "mt-0A7093BE-A226-4DED-A38B-1B0B1753598B-211.jpg"; sourceTree = "<group>"; };
		B4CF0ED42497005C00026661 /* st-8B4A13BB-29F7-48A4-9D9C-F0C7B6E9264B-229.jpg */ = {isa = PBXFileReference; lastKnownFileType = image.jpeg; path = "st-8B4A13BB-29F7-48A4-9D9C-F0C7B6E9264B-229.jpg"; sourceTree = "<group>"; };
		B4CF0ED52497005C00026661 /* mt-202EB1C3-2199-420F-90AA-9669069E4B8A-213.jpg */ = {isa = PBXFileReference; lastKnownFileType = image.jpeg; path = "mt-202EB1C3-2199-420F-90AA-9669069E4B8A-213.jpg"; sourceTree = "<group>"; };
		B4CF0ED62497005C00026661 /* mt-91270CCF-9082-4FC4-84BA-1A40FE2A8037-221.jpg */ = {isa = PBXFileReference; lastKnownFileType = image.jpeg; path = "mt-91270CCF-9082-4FC4-84BA-1A40FE2A8037-221.jpg"; sourceTree = "<group>"; };
		B4CF0ED72497005C00026661 /* 110809_familychineseoahu_en_00317_2040x1360-small-13.jpeg */ = {isa = PBXFileReference; lastKnownFileType = image.jpeg; path = "110809_familychineseoahu_en_00317_2040x1360-small-13.jpeg"; sourceTree = "<group>"; };
		B4CF0ED82497005C00026661 /* 110809_familychineseoahu_en_02016_981x654-small-11.jpeg */ = {isa = PBXFileReference; lastKnownFileType = image.jpeg; path = "110809_familychineseoahu_en_02016_981x654-small-11.jpeg"; sourceTree = "<group>"; };
		B4CF0ED92497005C00026661 /* mt-19B97099-D44C-4AC6-9D44-D8E1E2D15995-216.jpg */ = {isa = PBXFileReference; lastKnownFileType = image.jpeg; path = "mt-19B97099-D44C-4AC6-9D44-D8E1E2D15995-216.jpg"; sourceTree = "<group>"; };
		B4CF0EDA2497005C00026661 /* mt-AD4FEEF2-6BF5-4461-8477-5790BA46E3D0-214.jpg */ = {isa = PBXFileReference; lastKnownFileType = image.jpeg; path = "mt-AD4FEEF2-6BF5-4461-8477-5790BA46E3D0-214.jpg"; sourceTree = "<group>"; };
		B4CF0EDB2497005C00026661 /* mt-E4BA883E-4D4B-47CE-8B54-F0C5BA78D9FA-223.jpg */ = {isa = PBXFileReference; lastKnownFileType = image.jpeg; path = "mt-E4BA883E-4D4B-47CE-8B54-F0C5BA78D9FA-223.jpg"; sourceTree = "<group>"; };
		B4CF0EDC2497005C00026661 /* 110809_familychineseoahu_en_02390_2880x1921-small-9.jpeg */ = {isa = PBXFileReference; lastKnownFileType = image.jpeg; path = "110809_familychineseoahu_en_02390_2880x1921-small-9.jpeg"; sourceTree = "<group>"; };
		B4CF0EDE2497005C00026661 /* DocumentIdentifier */ = {isa = PBXFileReference; fileEncoding = 4; lastKnownFileType = text; path = DocumentIdentifier; sourceTree = "<group>"; };
		B4CF0EDF2497005C00026661 /* BuildVersionHistory.plist */ = {isa = PBXFileReference; fileEncoding = 4; lastKnownFileType = text.plist.xml; path = BuildVersionHistory.plist; sourceTree = "<group>"; };
		B4CF0EE02497005C00026661 /* Properties.plist */ = {isa = PBXFileReference; lastKnownFileType = file.bplist; path = Properties.plist; sourceTree = "<group>"; };
		B4CF0F2424970AC100026661 /* proUseSnappy-Bridging-Header.h */ = {isa = PBXFileReference; fileEncoding = 4; lastKnownFileType = sourcecode.c.h; path = "proUseSnappy-Bridging-Header.h"; sourceTree = "<group>"; };
/* End PBXFileReference section */

/* Begin PBXFrameworksBuildPhase section */
		B4C2C2B72490C3AC00C3F8BF /* Frameworks */ = {
			isa = PBXFrameworksBuildPhase;
			buildActionMask = 2147483647;
			files = (
				B49C8482249664CB0005C9C9 /* libsnappy.a in Frameworks */,
				B49C83F6249376D50005C9C9 /* SwiftProtobufPluginLibrary in Frameworks */,
				B49C82D0249130D30005C9C9 /* ZIPFoundation in Frameworks */,
				B49C83F4249376D50005C9C9 /* SwiftProtobuf in Frameworks */,
			);
			runOnlyForDeploymentPostprocessing = 0;
		};
/* End PBXFrameworksBuildPhase section */

/* Begin PBXGroup section */
		B49C83B1249370BE0005C9C9 /* Proto-Swift */ = {
			isa = PBXGroup;
			children = (
				B49C83F724937A790005C9C9 /* msg.pb.swift */,
				B49C83B2249370BE0005C9C9 /* KNArchives_sos.pb.swift */,
				B49C83B3249370BE0005C9C9 /* TSCHArchives_GEN.pb.swift */,
				B49C83B4249370BE0005C9C9 /* TSCHPreUFFArchives.pb.swift */,
				B49C83B5249370BE0005C9C9 /* KNArchives.pb.swift */,
				B49C83B6249370BE0005C9C9 /* TSDCommandArchives.pb.swift */,
				B49C83B7249370BE0005C9C9 /* TSCH3DArchives.pb.swift */,
				B49C83B8249370BE0005C9C9 /* TSWPCommandArchives_sos.pb.swift */,
				B49C83B9249370BE0005C9C9 /* TSCEArchives.pb.swift */,
				B49C83BA249370BE0005C9C9 /* TSTStylePropertyArchiving.pb.swift */,
				B49C83BB249370BE0005C9C9 /* TSCHCommandArchives.pb.swift */,
				B49C83BC249370BE0005C9C9 /* TSPArchiveMessages.pb.swift */,
				B49C83BD249370BE0005C9C9 /* KNCommandArchives.pb.swift */,
				B49C83BE249370BE0005C9C9 /* TSSArchives.pb.swift */,
				B49C83BF249370BE0005C9C9 /* KNCommandArchives_sos.pb.swift */,
				B49C83C0249370BE0005C9C9 /* TSPMessages.pb.swift */,
				B49C83C1249370BE0005C9C9 /* TSCHArchives_Common.pb.swift */,
				B49C83C2249370BE0005C9C9 /* TSSArchives_sos.pb.swift */,
				B49C83C3249370BE0005C9C9 /* TSCHArchives_sos.pb.swift */,
				B49C83C4249370BE0005C9C9 /* TSWPArchives_sos.pb.swift */,
				B49C83C5249370BE0005C9C9 /* TSDArchives.pb.swift */,
				B49C83C6249370BE0005C9C9 /* TSCHArchives.pb.swift */,
				B49C83C7249370BE0005C9C9 /* TSACommandArchives_sos.pb.swift */,
				B49C83C8249370BE0005C9C9 /* TSKArchives.pb.swift */,
				B49C83C9249370BE0005C9C9 /* TSAArchives_sos.pb.swift */,
				B49C83CA249370BE0005C9C9 /* TSTArchives.pb.swift */,
				B49C83CB249370BE0005C9C9 /* TSTCommandArchives.pb.swift */,
				B49C83CC249370BE0005C9C9 /* TSDArchives_sos.pb.swift */,
				B49C83CD249370BE0005C9C9 /* TSTArchives_sos.pb.swift */,
				B49C83CE249370BE0005C9C9 /* TSPDatabaseMessages.pb.swift */,
				B49C83CF249370BE0005C9C9 /* TSWPCommandArchives.pb.swift */,
				B49C83D0249370BE0005C9C9 /* TSWPArchives.pb.swift */,
				B49C83D1249370BE0005C9C9 /* TSAArchives.pb.swift */,
			);
			path = "Proto-Swift";
			sourceTree = "<group>";
		};
		B49C8480249664B80005C9C9 /* Externals */ = {
			isa = PBXGroup;
			children = (
				B49C8481249664CB0005C9C9 /* libsnappy.a */,
			);
			path = Externals;
			sourceTree = "<group>";
		};
		B4C2C2B12490C3AC00C3F8BF = {
			isa = PBXGroup;
			children = (
				B49C8480249664B80005C9C9 /* Externals */,
				B49C847D249661540005C9C9 /* ocFile.h */,
				B49C8463249660410005C9C9 /* ocFile.mm */,
				B4CF0F2424970AC100026661 /* proUseSnappy-Bridging-Header.h */,
				B49C83AC2491DFD60005C9C9 /* simple.key */,
				B4CF0EB32497005C00026661 /* xmind */,
				B49C83AA2491DFC30005C9C9 /* temKeynote */,
				B49C83B1249370BE0005C9C9 /* Proto-Swift */,
				B4C2C2BC2490C3AC00C3F8BF /* proUseSnappy */,
				B4C2C2BB2490C3AC00C3F8BF /* Products */,
			);
			sourceTree = "<group>";
		};
		B4C2C2BB2490C3AC00C3F8BF /* Products */ = {
			isa = PBXGroup;
			children = (
				B4C2C2BA2490C3AC00C3F8BF /* proUseSnappy.app */,
			);
			name = Products;
			sourceTree = "<group>";
		};
		B4C2C2BC2490C3AC00C3F8BF /* proUseSnappy */ = {
			isa = PBXGroup;
			children = (
				B4C2C2BD2490C3AC00C3F8BF /* AppDelegate.swift */,
				B4C2C2BF2490C3AC00C3F8BF /* SceneDelegate.swift */,
				B4C2C2C12490C3AC00C3F8BF /* ViewController.swift */,
				B49C83A82491DAA50005C9C9 /* ViewController+export.swift */,
				B4C2C2C32490C3AC00C3F8BF /* Main.storyboard */,
				B4C2C2C92490C3AD00C3F8BF /* Assets.xcassets */,
				B4C2C2CB2490C3AD00C3F8BF /* LaunchScreen.storyboard */,
				B4C2C2CE2490C3AD00C3F8BF /* Info.plist */,
				B4C2C2C62490C3AC00C3F8BF /* proUseSnappy.xcdatamodeld */,
			);
			path = proUseSnappy;
			sourceTree = "<group>";
		};
		B4CF0EB32497005C00026661 /* xmind */ = {
			isa = PBXGroup;
			children = (
				B4CF0EB42497005C00026661 /* preview.jpg */,
				B4CF0EB52497005C00026661 /* preview-web.jpg */,
				B4CF0EB62497005C00026661 /* preview-micro.jpg */,
				B4CF0EB72497005C00026661 /* Index */,
				B4CF0ECC2497005C00026661 /* Data */,
				B4CF0EDD2497005C00026661 /* Metadata */,
			);
			path = xmind;
			sourceTree = "<group>";
		};
		B4CF0EB72497005C00026661 /* Index */ = {
			isa = PBXGroup;
			children = (
				B4CF0EB82497005C00026661 /* MasterSlide-9186.iwa */,
				B4CF0EB92497005C00026661 /* MasterSlide-9356.iwa */,
				B4CF0EBA2497005C00026661 /* MasterSlide-9342.iwa */,
				B4CF0EBB2497005C00026661 /* Document.iwa */,
				B4CF0EBC2497005C00026661 /* MasterSlide-9220.iwa */,
				B4CF0EBD2497005C00026661 /* MasterSlide-9234.iwa */,
				B4CF0EBE2497005C00026661 /* CalculationEngine.iwa */,
				B4CF0EBF2497005C00026661 /* DocumentStylesheet.iwa */,
				B4CF0EC02497005C00026661 /* MasterSlide-9292.iwa */,
				B4CF0EC12497005C00026661 /* Metadata.iwa */,
				B4CF0EC22497005C00026661 /* ViewState.iwa */,
				B4CF0EC32497005C00026661 /* MasterSlide-9323.iwa */,
				B4CF0EC42497005C00026661 /* DocumentMetadata.iwa */,
				B4CF0EC52497005C00026661 /* MasterSlide-9305.iwa */,
				B4CF0EC62497005C00026661 /* MasterSlide-9248.iwa */,
				B4CF0EC72497005C00026661 /* MasterSlide-9276.iwa */,
				B4CF0EC82497005C00026661 /* MasterSlide-9263.iwa */,
				B4CF0EC92497005C00026661 /* Slide-9368.iwa */,
				B4CF0ECA2497005C00026661 /* MasterSlide-9206.iwa */,
				B4CF0ECB2497005C00026661 /* AnnotationAuthorStorage.iwa */,
			);
			path = Index;
			sourceTree = "<group>";
		};
		B4CF0ECC2497005C00026661 /* Data */ = {
			isa = PBXGroup;
			children = (
				B4CF0ECD2497005C00026661 /* mt-87EB810B-881F-4AFF-AB54-37EF2C67AD48-212.jpg */,
				B4CF0ECE2497005C00026661 /* st-8B4A13BB-29F7-48A4-9D9C-F0C7B6E9264B-210.jpg */,
				B4CF0ECF2497005C00026661 /* mt-1A607858-BDE3-4F3E-B991-9C537C7370FD-217.jpg */,
				B4CF0ED02497005C00026661 /* mt-2629B872-4982-4557-A305-7DAA791F1AE1-215.jpg */,
				B4CF0ED12497005C00026661 /* mt-9960267B-0493-4007-85D1-341D7FE674B0-218.jpg */,
				B4CF0ED22497005C00026661 /* mt-7262D8AF-C593-455C-9320-DFCEE3F4FEC4-222.jpg */,
				B4CF0ED32497005C00026661 /* mt-0A7093BE-A226-4DED-A38B-1B0B1753598B-211.jpg */,
				B4CF0ED42497005C00026661 /* st-8B4A13BB-29F7-48A4-9D9C-F0C7B6E9264B-229.jpg */,
				B4CF0ED52497005C00026661 /* mt-202EB1C3-2199-420F-90AA-9669069E4B8A-213.jpg */,
				B4CF0ED62497005C00026661 /* mt-91270CCF-9082-4FC4-84BA-1A40FE2A8037-221.jpg */,
				B4CF0ED72497005C00026661 /* 110809_familychineseoahu_en_00317_2040x1360-small-13.jpeg */,
				B4CF0ED82497005C00026661 /* 110809_familychineseoahu_en_02016_981x654-small-11.jpeg */,
				B4CF0ED92497005C00026661 /* mt-19B97099-D44C-4AC6-9D44-D8E1E2D15995-216.jpg */,
				B4CF0EDA2497005C00026661 /* mt-AD4FEEF2-6BF5-4461-8477-5790BA46E3D0-214.jpg */,
				B4CF0EDB2497005C00026661 /* mt-E4BA883E-4D4B-47CE-8B54-F0C5BA78D9FA-223.jpg */,
				B4CF0EDC2497005C00026661 /* 110809_familychineseoahu_en_02390_2880x1921-small-9.jpeg */,
			);
			path = Data;
			sourceTree = "<group>";
		};
		B4CF0EDD2497005C00026661 /* Metadata */ = {
			isa = PBXGroup;
			children = (
				B4CF0EDE2497005C00026661 /* DocumentIdentifier */,
				B4CF0EDF2497005C00026661 /* BuildVersionHistory.plist */,
				B4CF0EE02497005C00026661 /* Properties.plist */,
			);
			path = Metadata;
			sourceTree = "<group>";
		};
/* End PBXGroup section */

/* Begin PBXNativeTarget section */
		B4C2C2B92490C3AC00C3F8BF /* proUseSnappy */ = {
			isa = PBXNativeTarget;
			buildConfigurationList = B4C2C2D12490C3AD00C3F8BF /* Build configuration list for PBXNativeTarget "proUseSnappy" */;
			buildPhases = (
				B4C2C2B62490C3AC00C3F8BF /* Sources */,
				B4C2C2B72490C3AC00C3F8BF /* Frameworks */,
				B4C2C2B82490C3AC00C3F8BF /* Resources */,
			);
			buildRules = (
			);
			dependencies = (
			);
			name = proUseSnappy;
			packageProductDependencies = (
				B49C82CF249130D30005C9C9 /* ZIPFoundation */,
				B49C83F3249376D50005C9C9 /* SwiftProtobuf */,
				B49C83F5249376D50005C9C9 /* SwiftProtobufPluginLibrary */,
			);
			productName = proUseSnappy;
			productReference = B4C2C2BA2490C3AC00C3F8BF /* proUseSnappy.app */;
			productType = "com.apple.product-type.application";
		};
/* End PBXNativeTarget section */

/* Begin PBXProject section */
		B4C2C2B22490C3AC00C3F8BF /* Project object */ = {
			isa = PBXProject;
			attributes = {
				LastSwiftUpdateCheck = 1140;
				LastUpgradeCheck = 1140;
				ORGANIZATIONNAME = exportKeynote;
				TargetAttributes = {
					B4C2C2B92490C3AC00C3F8BF = {
						CreatedOnToolsVersion = 11.4;
						LastSwiftMigration = 1140;
					};
				};
			};
			buildConfigurationList = B4C2C2B52490C3AC00C3F8BF /* Build configuration list for PBXProject "proUseSnappy" */;
			compatibilityVersion = "Xcode 9.3";
			developmentRegion = en;
			hasScannedForEncodings = 0;
			knownRegions = (
				en,
				Base,
			);
			mainGroup = B4C2C2B12490C3AC00C3F8BF;
			packageReferences = (
				B49C82CE249130D30005C9C9 /* XCRemoteSwiftPackageReference "ZIPFoundation" */,
				B49C83F2249376D50005C9C9 /* XCRemoteSwiftPackageReference "swift-protobuf" */,
			);
			productRefGroup = B4C2C2BB2490C3AC00C3F8BF /* Products */;
			projectDirPath = "";
			projectRoot = "";
			targets = (
				B4C2C2B92490C3AC00C3F8BF /* proUseSnappy */,
			);
		};
/* End PBXProject section */

/* Begin PBXResourcesBuildPhase section */
		B4C2C2B82490C3AC00C3F8BF /* Resources */ = {
			isa = PBXResourcesBuildPhase;
			buildActionMask = 2147483647;
			files = (
				B4C2C2CD2490C3AD00C3F8BF /* LaunchScreen.storyboard in Resources */,
				B4CF0EF52497005C00026661 /* Slide-9368.iwa in Resources */,
				B4CF0EF42497005C00026661 /* MasterSlide-9263.iwa in Resources */,
				B4CF0EE42497005C00026661 /* MasterSlide-9186.iwa in Resources */,
				B4CF0EFD2497005C00026661 /* mt-7262D8AF-C593-455C-9320-DFCEE3F4FEC4-222.jpg in Resources */,
				B4CF0EFF2497005C00026661 /* st-8B4A13BB-29F7-48A4-9D9C-F0C7B6E9264B-229.jpg in Resources */,
				B4CF0EE82497005C00026661 /* MasterSlide-9220.iwa in Resources */,
				B4CF0EE32497005C00026661 /* preview-micro.jpg in Resources */,
				B4CF0F082497005C00026661 /* DocumentIdentifier in Resources */,
				B4C2C2CA2490C3AD00C3F8BF /* Assets.xcassets in Resources */,
				B4CF0EFE2497005C00026661 /* mt-0A7093BE-A226-4DED-A38B-1B0B1753598B-211.jpg in Resources */,
				B4CF0EFC2497005C00026661 /* mt-9960267B-0493-4007-85D1-341D7FE674B0-218.jpg in Resources */,
				B4CF0F052497005C00026661 /* mt-AD4FEEF2-6BF5-4461-8477-5790BA46E3D0-214.jpg in Resources */,
				B4CF0EE12497005C00026661 /* preview.jpg in Resources */,
				B4CF0EFA2497005C00026661 /* mt-1A607858-BDE3-4F3E-B991-9C537C7370FD-217.jpg in Resources */,
				B4CF0EEF2497005C00026661 /* MasterSlide-9323.iwa in Resources */,
				B4CF0EF22497005C00026661 /* MasterSlide-9248.iwa in Resources */,
				B4CF0F092497005C00026661 /* BuildVersionHistory.plist in Resources */,
				B4C2C2C52490C3AC00C3F8BF /* Main.storyboard in Resources */,
				B4CF0EFB2497005C00026661 /* mt-2629B872-4982-4557-A305-7DAA791F1AE1-215.jpg in Resources */,
				B4CF0EF92497005C00026661 /* st-8B4A13BB-29F7-48A4-9D9C-F0C7B6E9264B-210.jpg in Resources */,
				B4CF0EE92497005C00026661 /* MasterSlide-9234.iwa in Resources */,
				B4CF0EF62497005C00026661 /* MasterSlide-9206.iwa in Resources */,
				B4CF0EE72497005C00026661 /* Document.iwa in Resources */,
				B4CF0EE52497005C00026661 /* MasterSlide-9356.iwa in Resources */,
				B49C83AD2491DFD60005C9C9 /* simple.key in Resources */,
				B4CF0EF12497005C00026661 /* MasterSlide-9305.iwa in Resources */,
				B4CF0EF72497005C00026661 /* AnnotationAuthorStorage.iwa in Resources */,
				B4CF0EEA2497005C00026661 /* CalculationEngine.iwa in Resources */,
				B4CF0F062497005C00026661 /* mt-E4BA883E-4D4B-47CE-8B54-F0C5BA78D9FA-223.jpg in Resources */,
				B4CF0EEC2497005C00026661 /* MasterSlide-9292.iwa in Resources */,
				B4CF0F0A2497005C00026661 /* Properties.plist in Resources */,
				B4CF0F002497005C00026661 /* mt-202EB1C3-2199-420F-90AA-9669069E4B8A-213.jpg in Resources */,
				B4CF0EF82497005C00026661 /* mt-87EB810B-881F-4AFF-AB54-37EF2C67AD48-212.jpg in Resources */,
				B4CF0EEE2497005C00026661 /* ViewState.iwa in Resources */,
				B4CF0F022497005C00026661 /* 110809_familychineseoahu_en_00317_2040x1360-small-13.jpeg in Resources */,
				B4CF0F072497005C00026661 /* 110809_familychineseoahu_en_02390_2880x1921-small-9.jpeg in Resources */,
				B4CF0EE62497005C00026661 /* MasterSlide-9342.iwa in Resources */,
				B4CF0EED2497005C00026661 /* Metadata.iwa in Resources */,
				B4CF0F042497005C00026661 /* mt-19B97099-D44C-4AC6-9D44-D8E1E2D15995-216.jpg in Resources */,
				B4CF0EE22497005C00026661 /* preview-web.jpg in Resources */,
				B4CF0F032497005C00026661 /* 110809_familychineseoahu_en_02016_981x654-small-11.jpeg in Resources */,
				B4CF0EEB2497005C00026661 /* DocumentStylesheet.iwa in Resources */,
				B4CF0F012497005C00026661 /* mt-91270CCF-9082-4FC4-84BA-1A40FE2A8037-221.jpg in Resources */,
				B4CF0EF32497005C00026661 /* MasterSlide-9276.iwa in Resources */,
				B49C83AB2491DFC30005C9C9 /* temKeynote in Resources */,
				B4CF0EF02497005C00026661 /* DocumentMetadata.iwa in Resources */,
			);
			runOnlyForDeploymentPostprocessing = 0;
		};
/* End PBXResourcesBuildPhase section */

/* Begin PBXSourcesBuildPhase section */
		B4C2C2B62490C3AC00C3F8BF /* Sources */ = {
			isa = PBXSourcesBuildPhase;
			buildActionMask = 2147483647;
			files = (
				B49C83D3249370BF0005C9C9 /* TSCHArchives_GEN.pb.swift in Sources */,
				B49C83D2249370BF0005C9C9 /* KNArchives_sos.pb.swift in Sources */,
				B49C83E9249370BF0005C9C9 /* TSAArchives_sos.pb.swift in Sources */,
				B49C83E0249370BF0005C9C9 /* TSPMessages.pb.swift in Sources */,
				B49C83E4249370BF0005C9C9 /* TSWPArchives_sos.pb.swift in Sources */,
				B4C2C2C22490C3AC00C3F8BF /* ViewController.swift in Sources */,
				B49C83E2249370BF0005C9C9 /* TSSArchives_sos.pb.swift in Sources */,
				B49C83EF249370BF0005C9C9 /* TSWPCommandArchives.pb.swift in Sources */,
				B49C83EC249370BF0005C9C9 /* TSDArchives_sos.pb.swift in Sources */,
				B49C83DA249370BF0005C9C9 /* TSTStylePropertyArchiving.pb.swift in Sources */,
				B49C83DD249370BF0005C9C9 /* KNCommandArchives.pb.swift in Sources */,
				B49C83DB249370BF0005C9C9 /* TSCHCommandArchives.pb.swift in Sources */,
				B49C83E6249370BF0005C9C9 /* TSCHArchives.pb.swift in Sources */,
				B49C83EB249370BF0005C9C9 /* TSTCommandArchives.pb.swift in Sources */,
				B49C83F824937A790005C9C9 /* msg.pb.swift in Sources */,
				B49C83EE249370BF0005C9C9 /* TSPDatabaseMessages.pb.swift in Sources */,
				B49C83E5249370BF0005C9C9 /* TSDArchives.pb.swift in Sources */,
				B49C83D7249370BF0005C9C9 /* TSCH3DArchives.pb.swift in Sources */,
				B49C83DF249370BF0005C9C9 /* KNCommandArchives_sos.pb.swift in Sources */,
				B49C83E7249370BF0005C9C9 /* TSACommandArchives_sos.pb.swift in Sources */,
				B49C8464249660410005C9C9 /* ocFile.mm in Sources */,
				B49C83F0249370BF0005C9C9 /* TSWPArchives.pb.swift in Sources */,
				B49C83E1249370BF0005C9C9 /* TSCHArchives_Common.pb.swift in Sources */,
				B4C2C2BE2490C3AC00C3F8BF /* AppDelegate.swift in Sources */,
				B49C83ED249370BF0005C9C9 /* TSTArchives_sos.pb.swift in Sources */,
				B49C83DC249370BF0005C9C9 /* TSPArchiveMessages.pb.swift in Sources */,
				B49C83A92491DAA50005C9C9 /* ViewController+export.swift in Sources */,
				B49C83D8249370BF0005C9C9 /* TSWPCommandArchives_sos.pb.swift in Sources */,
				B49C83D6249370BF0005C9C9 /* TSDCommandArchives.pb.swift in Sources */,
				B49C83D5249370BF0005C9C9 /* KNArchives.pb.swift in Sources */,
				B49C83D4249370BF0005C9C9 /* TSCHPreUFFArchives.pb.swift in Sources */,
				B49C83DE249370BF0005C9C9 /* TSSArchives.pb.swift in Sources */,
				B49C83E3249370BF0005C9C9 /* TSCHArchives_sos.pb.swift in Sources */,
				B4C2C2C82490C3AC00C3F8BF /* proUseSnappy.xcdatamodeld in Sources */,
				B49C83F1249370BF0005C9C9 /* TSAArchives.pb.swift in Sources */,
				B4C2C2C02490C3AC00C3F8BF /* SceneDelegate.swift in Sources */,
				B49C83EA249370BF0005C9C9 /* TSTArchives.pb.swift in Sources */,
				B49C83E8249370BF0005C9C9 /* TSKArchives.pb.swift in Sources */,
				B49C83D9249370BF0005C9C9 /* TSCEArchives.pb.swift in Sources */,
			);
			runOnlyForDeploymentPostprocessing = 0;
		};
/* End PBXSourcesBuildPhase section */

/* Begin PBXVariantGroup section */
		B4C2C2C32490C3AC00C3F8BF /* Main.storyboard */ = {
			isa = PBXVariantGroup;
			children = (
				B4C2C2C42490C3AC00C3F8BF /* Base */,
			);
			name = Main.storyboard;
			sourceTree = "<group>";
		};
		B4C2C2CB2490C3AD00C3F8BF /* LaunchScreen.storyboard */ = {
			isa = PBXVariantGroup;
			children = (
				B4C2C2CC2490C3AD00C3F8BF /* Base */,
			);
			name = LaunchScreen.storyboard;
			sourceTree = "<group>";
		};
/* End PBXVariantGroup section */

/* Begin XCBuildConfiguration section */
		B4C2C2CF2490C3AD00C3F8BF /* Debug */ = {
			isa = XCBuildConfiguration;
			buildSettings = {
				ALWAYS_SEARCH_USER_PATHS = NO;
				CLANG_ANALYZER_NONNULL = YES;
				CLANG_ANALYZER_NUMBER_OBJECT_CONVERSION = YES_AGGRESSIVE;
				CLANG_CXX_LANGUAGE_STANDARD = "gnu++14";
				CLANG_CXX_LIBRARY = "libc++";
				CLANG_ENABLE_MODULES = YES;
				CLANG_ENABLE_OBJC_ARC = YES;
				CLANG_ENABLE_OBJC_WEAK = YES;
				CLANG_WARN_BLOCK_CAPTURE_AUTORELEASING = YES;
				CLANG_WARN_BOOL_CONVERSION = YES;
				CLANG_WARN_COMMA = YES;
				CLANG_WARN_CONSTANT_CONVERSION = YES;
				CLANG_WARN_DEPRECATED_OBJC_IMPLEMENTATIONS = YES;
				CLANG_WARN_DIRECT_OBJC_ISA_USAGE = YES_ERROR;
				CLANG_WARN_DOCUMENTATION_COMMENTS = YES;
				CLANG_WARN_EMPTY_BODY = YES;
				CLANG_WARN_ENUM_CONVERSION = YES;
				CLANG_WARN_INFINITE_RECURSION = YES;
				CLANG_WARN_INT_CONVERSION = YES;
				CLANG_WARN_NON_LITERAL_NULL_CONVERSION = YES;
				CLANG_WARN_OBJC_IMPLICIT_RETAIN_SELF = YES;
				CLANG_WARN_OBJC_LITERAL_CONVERSION = YES;
				CLANG_WARN_OBJC_ROOT_CLASS = YES_ERROR;
				CLANG_WARN_RANGE_LOOP_ANALYSIS = YES;
				CLANG_WARN_STRICT_PROTOTYPES = YES;
				CLANG_WARN_SUSPICIOUS_MOVE = YES;
				CLANG_WARN_UNGUARDED_AVAILABILITY = YES_AGGRESSIVE;
				CLANG_WARN_UNREACHABLE_CODE = YES;
				CLANG_WARN__DUPLICATE_METHOD_MATCH = YES;
				COPY_PHASE_STRIP = NO;
				DEBUG_INFORMATION_FORMAT = dwarf;
				ENABLE_STRICT_OBJC_MSGSEND = YES;
				ENABLE_TESTABILITY = YES;
				GCC_C_LANGUAGE_STANDARD = gnu11;
				GCC_DYNAMIC_NO_PIC = NO;
				GCC_NO_COMMON_BLOCKS = YES;
				GCC_OPTIMIZATION_LEVEL = 0;
				GCC_PREPROCESSOR_DEFINITIONS = (
					"DEBUG=1",
					"$(inherited)",
				);
				GCC_WARN_64_TO_32_BIT_CONVERSION = YES;
				GCC_WARN_ABOUT_RETURN_TYPE = YES_ERROR;
				GCC_WARN_UNDECLARED_SELECTOR = YES;
				GCC_WARN_UNINITIALIZED_AUTOS = YES_AGGRESSIVE;
				GCC_WARN_UNUSED_FUNCTION = YES;
				GCC_WARN_UNUSED_VARIABLE = YES;
				IPHONEOS_DEPLOYMENT_TARGET = 13.4;
				MTL_ENABLE_DEBUG_INFO = INCLUDE_SOURCE;
				MTL_FAST_MATH = YES;
				ONLY_ACTIVE_ARCH = YES;
				SDKROOT = iphoneos;
				SWIFT_ACTIVE_COMPILATION_CONDITIONS = DEBUG;
				SWIFT_OPTIMIZATION_LEVEL = "-Onone";
			};
			name = Debug;
		};
		B4C2C2D02490C3AD00C3F8BF /* Release */ = {
			isa = XCBuildConfiguration;
			buildSettings = {
				ALWAYS_SEARCH_USER_PATHS = NO;
				CLANG_ANALYZER_NONNULL = YES;
				CLANG_ANALYZER_NUMBER_OBJECT_CONVERSION = YES_AGGRESSIVE;
				CLANG_CXX_LANGUAGE_STANDARD = "gnu++14";
				CLANG_CXX_LIBRARY = "libc++";
				CLANG_ENABLE_MODULES = YES;
				CLANG_ENABLE_OBJC_ARC = YES;
				CLANG_ENABLE_OBJC_WEAK = YES;
				CLANG_WARN_BLOCK_CAPTURE_AUTORELEASING = YES;
				CLANG_WARN_BOOL_CONVERSION = YES;
				CLANG_WARN_COMMA = YES;
				CLANG_WARN_CONSTANT_CONVERSION = YES;
				CLANG_WARN_DEPRECATED_OBJC_IMPLEMENTATIONS = YES;
				CLANG_WARN_DIRECT_OBJC_ISA_USAGE = YES_ERROR;
				CLANG_WARN_DOCUMENTATION_COMMENTS = YES;
				CLANG_WARN_EMPTY_BODY = YES;
				CLANG_WARN_ENUM_CONVERSION = YES;
				CLANG_WARN_INFINITE_RECURSION = YES;
				CLANG_WARN_INT_CONVERSION = YES;
				CLANG_WARN_NON_LITERAL_NULL_CONVERSION = YES;
				CLANG_WARN_OBJC_IMPLICIT_RETAIN_SELF = YES;
				CLANG_WARN_OBJC_LITERAL_CONVERSION = YES;
				CLANG_WARN_OBJC_ROOT_CLASS = YES_ERROR;
				CLANG_WARN_RANGE_LOOP_ANALYSIS = YES;
				CLANG_WARN_STRICT_PROTOTYPES = YES;
				CLANG_WARN_SUSPICIOUS_MOVE = YES;
				CLANG_WARN_UNGUARDED_AVAILABILITY = YES_AGGRESSIVE;
				CLANG_WARN_UNREACHABLE_CODE = YES;
				CLANG_WARN__DUPLICATE_METHOD_MATCH = YES;
				COPY_PHASE_STRIP = NO;
				DEBUG_INFORMATION_FORMAT = "dwarf-with-dsym";
				ENABLE_NS_ASSERTIONS = NO;
				ENABLE_STRICT_OBJC_MSGSEND = YES;
				GCC_C_LANGUAGE_STANDARD = gnu11;
				GCC_NO_COMMON_BLOCKS = YES;
				GCC_WARN_64_TO_32_BIT_CONVERSION = YES;
				GCC_WARN_ABOUT_RETURN_TYPE = YES_ERROR;
				GCC_WARN_UNDECLARED_SELECTOR = YES;
				GCC_WARN_UNINITIALIZED_AUTOS = YES_AGGRESSIVE;
				GCC_WARN_UNUSED_FUNCTION = YES;
				GCC_WARN_UNUSED_VARIABLE = YES;
				IPHONEOS_DEPLOYMENT_TARGET = 13.4;
				MTL_ENABLE_DEBUG_INFO = NO;
				MTL_FAST_MATH = YES;
				SDKROOT = iphoneos;
				SWIFT_COMPILATION_MODE = wholemodule;
				SWIFT_OPTIMIZATION_LEVEL = "-O";
				VALIDATE_PRODUCT = YES;
			};
			name = Release;
		};
		B4C2C2D22490C3AD00C3F8BF /* Debug */ = {
			isa = XCBuildConfiguration;
			buildSettings = {
				ASSETCATALOG_COMPILER_APPICON_NAME = AppIcon;
				CLANG_ENABLE_MODULES = YES;
				CODE_SIGN_STYLE = Automatic;
				DEVELOPMENT_TEAM = PWN89SAC52;
				INFOPLIST_FILE = proUseSnappy/Info.plist;
				LD_RUNPATH_SEARCH_PATHS = (
					"$(inherited)",
					"@executable_path/Frameworks",
				);
				LIBRARY_SEARCH_PATHS = (
					"$(inherited)",
					"$(PROJECT_DIR)/Externals",
				);
				PRODUCT_BUNDLE_IDENTIFIER = com.xs.proUseSnappy;
				PRODUCT_NAME = "$(TARGET_NAME)";
				SWIFT_OBJC_BRIDGING_HEADER = "proUseSnappy-Bridging-Header.h";
				SWIFT_OPTIMIZATION_LEVEL = "-Onone";
				SWIFT_VERSION = 5.0;
				TARGETED_DEVICE_FAMILY = "1,2";
			};
			name = Debug;
		};
		B4C2C2D32490C3AD00C3F8BF /* Release */ = {
			isa = XCBuildConfiguration;
			buildSettings = {
				ASSETCATALOG_COMPILER_APPICON_NAME = AppIcon;
				CLANG_ENABLE_MODULES = YES;
				CODE_SIGN_STYLE = Automatic;
				DEVELOPMENT_TEAM = PWN89SAC52;
				INFOPLIST_FILE = proUseSnappy/Info.plist;
				LD_RUNPATH_SEARCH_PATHS = (
					"$(inherited)",
					"@executable_path/Frameworks",
				);
				LIBRARY_SEARCH_PATHS = (
					"$(inherited)",
					"$(PROJECT_DIR)/Externals",
				);
				PRODUCT_BUNDLE_IDENTIFIER = com.xs.proUseSnappy;
				PRODUCT_NAME = "$(TARGET_NAME)";
				SWIFT_OBJC_BRIDGING_HEADER = "proUseSnappy-Bridging-Header.h";
				SWIFT_VERSION = 5.0;
				TARGETED_DEVICE_FAMILY = "1,2";
			};
			name = Release;
		};
/* End XCBuildConfiguration section */

/* Begin XCConfigurationList section */
		B4C2C2B52490C3AC00C3F8BF /* Build configuration list for PBXProject "proUseSnappy" */ = {
			isa = XCConfigurationList;
			buildConfigurations = (
				B4C2C2CF2490C3AD00C3F8BF /* Debug */,
				B4C2C2D02490C3AD00C3F8BF /* Release */,
			);
			defaultConfigurationIsVisible = 0;
			defaultConfigurationName = Release;
		};
		B4C2C2D12490C3AD00C3F8BF /* Build configuration list for PBXNativeTarget "proUseSnappy" */ = {
			isa = XCConfigurationList;
			buildConfigurations = (
				B4C2C2D22490C3AD00C3F8BF /* Debug */,
				B4C2C2D32490C3AD00C3F8BF /* Release */,
			);
			defaultConfigurationIsVisible = 0;
			defaultConfigurationName = Release;
		};
/* End XCConfigurationList section */

/* Begin XCRemoteSwiftPackageReference section */
		B49C82CE249130D30005C9C9 /* XCRemoteSwiftPackageReference "ZIPFoundation" */ = {
			isa = XCRemoteSwiftPackageReference;
			repositoryURL = "https://github.com/weichsel/ZIPFoundation.git";
			requirement = {
				kind = upToNextMajorVersion;
				minimumVersion = 0.9.11;
			};
		};
		B49C83F2249376D50005C9C9 /* XCRemoteSwiftPackageReference "swift-protobuf" */ = {
			isa = XCRemoteSwiftPackageReference;
			repositoryURL = "https://github.com/apple/swift-protobuf.git";
			requirement = {
				kind = upToNextMajorVersion;
				minimumVersion = 1.9.0;
			};
		};
/* End XCRemoteSwiftPackageReference section */

/* Begin XCSwiftPackageProductDependency section */
		B49C82CF249130D30005C9C9 /* ZIPFoundation */ = {
			isa = XCSwiftPackageProductDependency;
			package = B49C82CE249130D30005C9C9 /* XCRemoteSwiftPackageReference "ZIPFoundation" */;
			productName = ZIPFoundation;
		};
		B49C83F3249376D50005C9C9 /* SwiftProtobuf */ = {
			isa = XCSwiftPackageProductDependency;
			package = B49C83F2249376D50005C9C9 /* XCRemoteSwiftPackageReference "swift-protobuf" */;
			productName = SwiftProtobuf;
		};
		B49C83F5249376D50005C9C9 /* SwiftProtobufPluginLibrary */ = {
			isa = XCSwiftPackageProductDependency;
			package = B49C83F2249376D50005C9C9 /* XCRemoteSwiftPackageReference "swift-protobuf" */;
			productName = SwiftProtobufPluginLibrary;
		};
/* End XCSwiftPackageProductDependency section */

/* Begin XCVersionGroup section */
		B4C2C2C62490C3AC00C3F8BF /* proUseSnappy.xcdatamodeld */ = {
			isa = XCVersionGroup;
			children = (
				B4C2C2C72490C3AC00C3F8BF /* proUseSnappy.xcdatamodel */,
			);
			currentVersion = B4C2C2C72490C3AC00C3F8BF /* proUseSnappy.xcdatamodel */;
			path = proUseSnappy.xcdatamodeld;
			sourceTree = "<group>";
			versionGroupType = wrapper.xcdatamodel;
		};
/* End XCVersionGroup section */
	};
	rootObject = B4C2C2B22490C3AC00C3F8BF /* Project object */;
}
